
Microsoft Visual Studio Solution File, Format Version 12.00
# Visual Studio Version 17
VisualStudioVersion = 17.14.37614.0 d17.14
MinimumVisualStudioVersion = 10.0.40219.1
Project("{FAE04EC0-301F-11D3-BF4B-00C04F79EFBC}") = "Gurux.Data.Relay.Shared", "Gurux.Data.Relay.Shared.csproj", "{9CE39C3E-2D31-CDB0-74EA-BE13137A20B9}"
EndProject
Global
	GlobalSection(SolutionConfigurationPlatforms) = preSolution
		Debug|Any CPU = Debug|Any CPU
		Release|Any CPU = Release|Any CPU
	EndGlobalSection
	GlobalSection(ProjectConfigurationPlatforms) = postSolution
		{9CE39C3E-2D31-CDB0-74EA-BE13137A20B9}.Debug|Any CPU.ActiveCfg = Debug|Any CPU
		{9CE39C3E-2D31-CDB0-74EA-BE13137A20B9}.Debug|Any CPU.Build.0 = Debug|Any CPU
		{9CE39C3E-2D31-CDB0-74EA-BE13137A20B9}.Release|Any CPU.ActiveCfg = Release|Any CPU
		{9CE39C3E-2D31-CDB0-74EA-BE13137A20B9}.Release|Any CPU.Build.0 = Release|Any CPU
	EndGlobalSection
	GlobalSection(SolutionProperties) = preSolution
		HideSolutionNode = FALSE
	EndGlobalSection
	GlobalSection(ExtensibilityGlobals) = postSolution
		SolutionGuid = {6BF3FCCE-4A1A-4E39-94AA-DF49C50A317A}
	EndGlobalSection
EndGlobal
